
Microsoft Visual Studio Solution File, Format Version 12.00
# Visual Studio Version 16
VisualStudioVersion = 16.0.31025.194
MinimumVisualStudioVersion = 10.0.40219.1
Project("{FAE04EC0-301F-11D3-BF4B-00C04F79EFBC}") = "OOP Assessment 2", "OOP Assessment 2\OOP Assessment 2.csproj", "{395C25D9-0861-4856-80D2-D42868A1C780}"
EndProject
Global
	GlobalSection(SolutionConfigurationPlatforms) = preSolution
		Debug|Any CPU = Debug|Any CPU
		Release|Any CPU = Release|Any CPU
	EndGlobalSection
	GlobalSection(ProjectConfigurationPlatforms) = postSolution
		{395C25D9-0861-4856-80D2-D42868A1C780}.Debug|Any CPU.ActiveCfg = Debug|Any CPU
		{395C25D9-0861-4856-80D2-D42868A1C780}.Debug|Any CPU.Build.0 = Debug|Any CPU
		{395C25D9-0861-4856-80D2-D42868A1C780}.Release|Any CPU.ActiveCfg = Release|Any CPU
		{395C25D9-0861-4856-80D2-D42868A1C780}.Release|Any CPU.Build.0 = Release|Any CPU
	EndGlobalSection
	GlobalSection(SolutionProperties) = preSolution
		HideSolutionNode = FALSE
	EndGlobalSection
	GlobalSection(ExtensibilityGlobals) = postSolution
		SolutionGuid = {89BDBB79-EC20-4641-82E0-C623B9803D52}
	EndGlobalSection
EndGlobal
